
Microsoft Visual Studio Solution File, Format Version 12.00
# Visual Studio 14
VisualStudioVersion = 14.0.25420.1
MinimumVisualStudioVersion = 10.0.40219.1
Project("{FAE04EC0-301F-11D3-BF4B-00C04F79EFBC}") = "KnightsTour", "KnightsTour\KnightsTour.csproj", "{A40F6787-D72C-4F47-91E3-C819BF9E7FED}"
EndProject
Global
	GlobalSection(SolutionConfigurationPlatforms) = preSolution
		Debug|Any CPU = Debug|Any CPU
		Release|Any CPU = Release|Any CPU
	EndGlobalSection
	GlobalSection(ProjectConfigurationPlatforms) = postSolution
		{A40F6787-D72C-4F47-91E3-C819BF9E7FED}.Debug|Any CPU.ActiveCfg = Debug|Any CPU
		{A40F6787-D72C-4F47-91E3-C819BF9E7FED}.Debug|Any CPU.Build.0 = Debug|Any CPU
		{A40F6787-D72C-4F47-91E3-C819BF9E7FED}.Release|Any CPU.ActiveCfg = Release|Any CPU
		{A40F6787-D72C-4F47-91E3-C819BF9E7FED}.Release|Any CPU.Build.0 = Release|Any CPU
	EndGlobalSection
	GlobalSection(SolutionProperties) = preSolution
		HideSolutionNode = FALSE
	EndGlobalSection
EndGlobal
